// !$*UTF8*$!
{
	archiveVersion = 1;
	classes = {
	};
	objectVersion = 55;
	objects = {

/* Begin PBXBuildFile section */
		FC31A94E28DFABC7005C1644 /* PostListViewController.swift in Sources */ = {isa = PBXBuildFile; fileRef = FC31A94D28DFABC7005C1644 /* PostListViewController.swift */; };
		FC31A95128DFABC7005C1644 /* Main.storyboard in Resources */ = {isa = PBXBuildFile; fileRef = FC31A94F28DFABC7005C1644 /* Main.storyboard */; };
		FC31A95428DFABC7005C1644 /* ToDoMVVM.xcdatamodeld in Sources */ = {isa = PBXBuildFile; fileRef = FC31A95228DFABC7005C1644 /* ToDoMVVM.xcdatamodeld */; };
		FC31A95628DFABC8005C1644 /* Assets.xcassets in Resources */ = {isa = PBXBuildFile; fileRef = FC31A95528DFABC8005C1644 /* Assets.xcassets */; };
		FC31A95928DFABC8005C1644 /* LaunchScreen.storyboard in Resources */ = {isa = PBXBuildFile; fileRef = FC31A95728DFABC8005C1644 /* LaunchScreen.storyboard */; };
		FC31A96428DFC490005C1644 /* PostListViewModel.swift in Sources */ = {isa = PBXBuildFile; fileRef = FC31A96328DFC490005C1644 /* PostListViewModel.swift */; };
		FC31A96628DFC5F0005C1644 /* PostListModel.swift in Sources */ = {isa = PBXBuildFile; fileRef = FC31A96528DFC5F0005C1644 /* PostListModel.swift */; };
		FC31A96828DFCC60005C1644 /* PostListEntity.swift in Sources */ = {isa = PBXBuildFile; fileRef = FC31A96728DFCC60005C1644 /* PostListEntity.swift */; };
		FC31A96B28DFD040005C1644 /* PostListTableViewCell.swift in Sources */ = {isa = PBXBuildFile; fileRef = FC31A96928DFD040005C1644 /* PostListTableViewCell.swift */; };
		FC31A96C28DFD040005C1644 /* PostListTableViewCell.xib in Resources */ = {isa = PBXBuildFile; fileRef = FC31A96A28DFD040005C1644 /* PostListTableViewCell.xib */; };
		FC31A97428DFE79B005C1644 /* AppDelegate.swift in Sources */ = {isa = PBXBuildFile; fileRef = FC31A97228DFE79B005C1644 /* AppDelegate.swift */; };
		FC31A97528DFE79B005C1644 /* SceneDelegate.swift in Sources */ = {isa = PBXBuildFile; fileRef = FC31A97328DFE79B005C1644 /* SceneDelegate.swift */; };
/* End PBXBuildFile section */

/* Begin PBXFileReference section */
		FC31A94628DFABC7005C1644 /* ToDoMVVM.app */ = {isa = PBXFileReference; explicitFileType = wrapper.application; includeInIndex = 0; path = ToDoMVVM.app; sourceTree = BUILT_PRODUCTS_DIR; };
		FC31A94D28DFABC7005C1644 /* PostListViewController.swift */ = {isa = PBXFileReference; lastKnownFileType = sourcecode.swift; path = PostListViewController.swift; sourceTree = "<group>"; };
		FC31A95028DFABC7005C1644 /* Base */ = {isa = PBXFileReference; lastKnownFileType = file.storyboard; name = Base; path = Base.lproj/Main.storyboard; sourceTree = "<group>"; };
		FC31A95328DFABC7005C1644 /* ToDoMVVM.xcdatamodel */ = {isa = PBXFileReference; lastKnownFileType = wrapper.xcdatamodel; path = ToDoMVVM.xcdatamodel; sourceTree = "<group>"; };
		FC31A95528DFABC8005C1644 /* Assets.xcassets */ = {isa = PBXFileReference; lastKnownFileType = folder.assetcatalog; path = Assets.xcassets; sourceTree = "<group>"; };
		FC31A95828DFABC8005C1644 /* Base */ = {isa = PBXFileReference; lastKnownFileType = file.storyboard; name = Base; path = Base.lproj/LaunchScreen.storyboard; sourceTree = "<group>"; };
		FC31A95A28DFABC8005C1644 /* Info.plist */ = {isa = PBXFileReference; lastKnownFileType = text.plist.xml; path = Info.plist; sourceTree = "<group>"; };
		FC31A96328DFC490005C1644 /* PostListViewModel.swift */ = {isa = PBXFileReference; lastKnownFileType = sourcecode.swift; path = PostListViewModel.swift; sourceTree = "<group>"; };
		FC31A96528DFC5F0005C1644 /* PostListModel.swift */ = {isa = PBXFileReference; lastKnownFileType = sourcecode.swift; path = PostListModel.swift; sourceTree = "<group>"; };
		FC31A96728DFCC60005C1644 /* PostListEntity.swift */ = {isa = PBXFileReference; lastKnownFileType = sourcecode.swift; path = PostListEntity.swift; sourceTree = "<group>"; };
		FC31A96928DFD040005C1644 /* PostListTableViewCell.swift */ = {isa = PBXFileReference; lastKnownFileType = sourcecode.swift; path = PostListTableViewCell.swift; sourceTree = "<group>"; };
		FC31A96A28DFD040005C1644 /* PostListTableViewCell.xib */ = {isa = PBXFileReference; lastKnownFileType = file.xib; path = PostListTableViewCell.xib; sourceTree = "<group>"; };
		FC31A97228DFE79B005C1644 /* AppDelegate.swift */ = {isa = PBXFileReference; fileEncoding = 4; lastKnownFileType = sourcecode.swift; path = AppDelegate.swift; sourceTree = "<group>"; };
		FC31A97328DFE79B005C1644 /* SceneDelegate.swift */ = {isa = PBXFileReference; fileEncoding = 4; lastKnownFileType = sourcecode.swift; path = SceneDelegate.swift; sourceTree = "<group>"; };
/* End PBXFileReference section */

/* Begin PBXFrameworksBuildPhase section */
		FC31A94328DFABC7005C1644 /* Frameworks */ = {
			isa = PBXFrameworksBuildPhase;
			buildActionMask = 2147483647;
			files = (
			);
			runOnlyForDeploymentPostprocessing = 0;
		};
/* End PBXFrameworksBuildPhase section */

/* Begin PBXGroup section */
		FC31A93D28DFABC7005C1644 = {
			isa = PBXGroup;
			children = (
				FC31A94828DFABC7005C1644 /* ToDoMVVM */,
				FC31A94728DFABC7005C1644 /* Products */,
			);
			sourceTree = "<group>";
		};
		FC31A94728DFABC7005C1644 /* Products */ = {
			isa = PBXGroup;
			children = (
				FC31A94628DFABC7005C1644 /* ToDoMVVM.app */,
			);
			name = Products;
			sourceTree = "<group>";
		};
		FC31A94828DFABC7005C1644 /* ToDoMVVM */ = {
			isa = PBXGroup;
			children = (
				FC31A96D28DFE604005C1644 /* PostListModule */,
				FC31A97228DFE79B005C1644 /* AppDelegate.swift */,
				FC31A97328DFE79B005C1644 /* SceneDelegate.swift */,
				FC31A95A28DFABC8005C1644 /* Info.plist */,
				FC31A95228DFABC7005C1644 /* ToDoMVVM.xcdatamodeld */,
			);
			path = ToDoMVVM;
			sourceTree = "<group>";
		};
		FC31A96D28DFE604005C1644 /* PostListModule */ = {
			isa = PBXGroup;
			children = (
				FC31A97128DFE6EE005C1644 /* Resources */,
				FC31A96E28DFE632005C1644 /* Model */,
				FC31A96F28DFE64B005C1644 /* VM */,
				FC31A97028DFE683005C1644 /* View */,
			);
			path = PostListModule;
			sourceTree = "<group>";
		};
		FC31A96E28DFE632005C1644 /* Model */ = {
			isa = PBXGroup;
			children = (
				FC31A96728DFCC60005C1644 /* PostListEntity.swift */,
				FC31A96528DFC5F0005C1644 /* PostListModel.swift */,
			);
			path = Model;
			sourceTree = "<group>";
		};
		FC31A96F28DFE64B005C1644 /* VM */ = {
			isa = PBXGroup;
			children = (
				FC31A96328DFC490005C1644 /* PostListViewModel.swift */,
			);
			path = VM;
			sourceTree = "<group>";
		};
		FC31A97028DFE683005C1644 /* View */ = {
			isa = PBXGroup;
			children = (
				FC31A94D28DFABC7005C1644 /* PostListViewController.swift */,
				FC31A96928DFD040005C1644 /* PostListTableViewCell.swift */,
				FC31A96A28DFD040005C1644 /* PostListTableViewCell.xib */,
			);
			path = View;
			sourceTree = "<group>";
		};
		FC31A97128DFE6EE005C1644 /* Resources */ = {
			isa = PBXGroup;
			children = (
				FC31A94F28DFABC7005C1644 /* Main.storyboard */,
				FC31A95728DFABC8005C1644 /* LaunchScreen.storyboard */,
				FC31A95528DFABC8005C1644 /* Assets.xcassets */,
			);
			path = Resources;
			sourceTree = "<group>";
		};
/* End PBXGroup section */

/* Begin PBXNativeTarget section */
		FC31A94528DFABC7005C1644 /* ToDoMVVM */ = {
			isa = PBXNativeTarget;
			buildConfigurationList = FC31A95D28DFABC8005C1644 /* Build configuration list for PBXNativeTarget "ToDoMVVM" */;
			buildPhases = (
				FC31A94228DFABC7005C1644 /* Sources */,
				FC31A94328DFABC7005C1644 /* Frameworks */,
				FC31A94428DFABC7005C1644 /* Resources */,
			);
			buildRules = (
			);
			dependencies = (
			);
			name = ToDoMVVM;
			productName = ToDoMVVM;
			productReference = FC31A94628DFABC7005C1644 /* ToDoMVVM.app */;
			productType = "com.apple.product-type.application";
		};
/* End PBXNativeTarget section */

/* Begin PBXProject section */
		FC31A93E28DFABC7005C1644 /* Project object */ = {
			isa = PBXProject;
			attributes = {
				BuildIndependentTargetsInParallel = 1;
				LastSwiftUpdateCheck = 1320;
				LastUpgradeCheck = 1320;
				TargetAttributes = {
					FC31A94528DFABC7005C1644 = {
						CreatedOnToolsVersion = 13.2;
					};
				};
			};
			buildConfigurationList = FC31A94128DFABC7005C1644 /* Build configuration list for PBXProject "ToDoMVVM" */;
			compatibilityVersion = "Xcode 13.0";
			developmentRegion = en;
			hasScannedForEncodings = 0;
			knownRegions = (
				en,
				Base,
			);
			mainGroup = FC31A93D28DFABC7005C1644;
			productRefGroup = FC31A94728DFABC7005C1644 /* Products */;
			projectDirPath = "";
			projectRoot = "";
			targets = (
				FC31A94528DFABC7005C1644 /* ToDoMVVM */,
			);
		};
/* End PBXProject section */

/* Begin PBXResourcesBuildPhase section */
		FC31A94428DFABC7005C1644 /* Resources */ = {
			isa = PBXResourcesBuildPhase;
			buildActionMask = 2147483647;
			files = (
				FC31A95928DFABC8005C1644 /* LaunchScreen.storyboard in Resources */,
				FC31A95628DFABC8005C1644 /* Assets.xcassets in Resources */,
				FC31A95128DFABC7005C1644 /* Main.storyboard in Resources */,
				FC31A96C28DFD040005C1644 /* PostListTableViewCell.xib in Resources */,
			);
			runOnlyForDeploymentPostprocessing = 0;
		};
/* End PBXResourcesBuildPhase section */

/* Begin PBXSourcesBuildPhase section */
		FC31A94228DFABC7005C1644 /* Sources */ = {
			isa = PBXSourcesBuildPhase;
			buildActionMask = 2147483647;
			files = (
				FC31A96428DFC490005C1644 /* PostListViewModel.swift in Sources */,
				FC31A94E28DFABC7005C1644 /* PostListViewController.swift in Sources */,
				FC31A95428DFABC7005C1644 /* ToDoMVVM.xcdatamodeld in Sources */,
				FC31A96B28DFD040005C1644 /* PostListTableViewCell.swift in Sources */,
				FC31A97428DFE79B005C1644 /* AppDelegate.swift in Sources */,
				FC31A96828DFCC60005C1644 /* PostListEntity.swift in Sources */,
				FC31A96628DFC5F0005C1644 /* PostListModel.swift in Sources */,
				FC31A97528DFE79B005C1644 /* SceneDelegate.swift in Sources */,
			);
			runOnlyForDeploymentPostprocessing = 0;
		};
/* End PBXSourcesBuildPhase section */

/* Begin PBXVariantGroup section */
		FC31A94F28DFABC7005C1644 /* Main.storyboard */ = {
			isa = PBXVariantGroup;
			children = (
				FC31A95028DFABC7005C1644 /* Base */,
			);
			name = Main.storyboard;
			sourceTree = "<group>";
		};
		FC31A95728DFABC8005C1644 /* LaunchScreen.storyboard */ = {
			isa = PBXVariantGroup;
			children = (
				FC31A95828DFABC8005C1644 /* Base */,
			);
			name = LaunchScreen.storyboard;
			sourceTree = "<group>";
		};
/* End PBXVariantGroup section */

/* Begin XCBuildConfiguration section */
		FC31A95B28DFABC8005C1644 /* Debug */ = {
			isa = XCBuildConfiguration;
			buildSettings = {
				ALWAYS_SEARCH_USER_PATHS = NO;
				CLANG_ANALYZER_NONNULL = YES;
				CLANG_ANALYZER_NUMBER_OBJECT_CONVERSION = YES_AGGRESSIVE;
				CLANG_CXX_LANGUAGE_STANDARD = "gnu++17";
				CLANG_CXX_LIBRARY = "libc++";
				CLANG_ENABLE_MODULES = YES;
				CLANG_ENABLE_OBJC_ARC = YES;
				CLANG_ENABLE_OBJC_WEAK = YES;
				CLANG_WARN_BLOCK_CAPTURE_AUTORELEASING = YES;
				CLANG_WARN_BOOL_CONVERSION = YES;
				CLANG_WARN_COMMA = YES;
				CLANG_WARN_CONSTANT_CONVERSION = YES;
				CLANG_WARN_DEPRECATED_OBJC_IMPLEMENTATIONS = YES;
				CLANG_WARN_DIRECT_OBJC_ISA_USAGE = YES_ERROR;
				CLANG_WARN_DOCUMENTATION_COMMENTS = YES;
				CLANG_WARN_EMPTY_BODY = YES;
				CLANG_WARN_ENUM_CONVERSION = YES;
				CLANG_WARN_INFINITE_RECURSION = YES;
				CLANG_WARN_INT_CONVERSION = YES;
				CLANG_WARN_NON_LITERAL_NULL_CONVERSION = YES;
				CLANG_WARN_OBJC_IMPLICIT_RETAIN_SELF = YES;
				CLANG_WARN_OBJC_LITERAL_CONVERSION = YES;
				CLANG_WARN_OBJC_ROOT_CLASS = YES_ERROR;
				CLANG_WARN_QUOTED_INCLUDE_IN_FRAMEWORK_HEADER = YES;
				CLANG_WARN_RANGE_LOOP_ANALYSIS = YES;
				CLANG_WARN_STRICT_PROTOTYPES = YES;
				CLANG_WARN_SUSPICIOUS_MOVE = YES;
				CLANG_WARN_UNGUARDED_AVAILABILITY = YES_AGGRESSIVE;
				CLANG_WARN_UNREACHABLE_CODE = YES;
				CLANG_WARN__DUPLICATE_METHOD_MATCH = YES;
				COPY_PHASE_STRIP = NO;
				DEBUG_INFORMATION_FORMAT = dwarf;
				ENABLE_STRICT_OBJC_MSGSEND = YES;
				ENABLE_TESTABILITY = YES;
				GCC_C_LANGUAGE_STANDARD = gnu11;
				GCC_DYNAMIC_NO_PIC = NO;
				GCC_NO_COMMON_BLOCKS = YES;
				GCC_OPTIMIZATION_LEVEL = 0;
				GCC_PREPROCESSOR_DEFINITIONS = (
					"DEBUG=1",
					"$(inherited)",
				);
				GCC_WARN_64_TO_32_BIT_CONVERSION = YES;
				GCC_WARN_ABOUT_RETURN_TYPE = YES_ERROR;
				GCC_WARN_UNDECLARED_SELECTOR = YES;
				GCC_WARN_UNINITIALIZED_AUTOS = YES_AGGRESSIVE;
				GCC_WARN_UNUSED_FUNCTION = YES;
				GCC_WARN_UNUSED_VARIABLE = YES;
				IPHONEOS_DEPLOYMENT_TARGET = 15.2;
				MTL_ENABLE_DEBUG_INFO = INCLUDE_SOURCE;
				MTL_FAST_MATH = YES;
				ONLY_ACTIVE_ARCH = YES;
				SDKROOT = iphoneos;
				SWIFT_ACTIVE_COMPILATION_CONDITIONS = DEBUG;
				SWIFT_OPTIMIZATION_LEVEL = "-Onone";
			};
			name = Debug;
		};
		FC31A95C28DFABC8005C1644 /* Release */ = {
			isa = XCBuildConfiguration;
			buildSettings = {
				ALWAYS_SEARCH_USER_PATHS = NO;
				CLANG_ANALYZER_NONNULL = YES;
				CLANG_ANALYZER_NUMBER_OBJECT_CONVERSION = YES_AGGRESSIVE;
				CLANG_CXX_LANGUAGE_STANDARD = "gnu++17";
				CLANG_CXX_LIBRARY = "libc++";
				CLANG_ENABLE_MODULES = YES;
				CLANG_ENABLE_OBJC_ARC = YES;
				CLANG_ENABLE_OBJC_WEAK = YES;
				CLANG_WARN_BLOCK_CAPTURE_AUTORELEASING = YES;
				CLANG_WARN_BOOL_CONVERSION = YES;
				CLANG_WARN_COMMA = YES;
				CLANG_WARN_CONSTANT_CONVERSION = YES;
				CLANG_WARN_DEPRECATED_OBJC_IMPLEMENTATIONS = YES;
				CLANG_WARN_DIRECT_OBJC_ISA_USAGE = YES_ERROR;
				CLANG_WARN_DOCUMENTATION_COMMENTS = YES;
				CLANG_WARN_EMPTY_BODY = YES;
				CLANG_WARN_ENUM_CONVERSION = YES;
				CLANG_WARN_INFINITE_RECURSION = YES;
				CLANG_WARN_INT_CONVERSION = YES;
				CLANG_WARN_NON_LITERAL_NULL_CONVERSION = YES;
				CLANG_WARN_OBJC_IMPLICIT_RETAIN_SELF = YES;
				CLANG_WARN_OBJC_LITERAL_CONVERSION = YES;
				CLANG_WARN_OBJC_ROOT_CLASS = YES_ERROR;
				CLANG_WARN_QUOTED_INCLUDE_IN_FRAMEWORK_HEADER = YES;
				CLANG_WARN_RANGE_LOOP_ANALYSIS = YES;
				CLANG_WARN_STRICT_PROTOTYPES = YES;
				CLANG_WARN_SUSPICIOUS_MOVE = YES;
				CLANG_WARN_UNGUARDED_AVAILABILITY = YES_AGGRESSIVE;
				CLANG_WARN_UNREACHABLE_CODE = YES;
				CLANG_WARN__DUPLICATE_METHOD_MATCH = YES;
				COPY_PHASE_STRIP = NO;
				DEBUG_INFORMATION_FORMAT = "dwarf-with-dsym";
				ENABLE_NS_ASSERTIONS = NO;
				ENABLE_STRICT_OBJC_MSGSEND = YES;
				GCC_C_LANGUAGE_STANDARD = gnu11;
				GCC_NO_COMMON_BLOCKS = YES;
				GCC_WARN_64_TO_32_BIT_CONVERSION = YES;
				GCC_WARN_ABOUT_RETURN_TYPE = YES_ERROR;
				GCC_WARN_UNDECLARED_SELECTOR = YES;
				GCC_WARN_UNINITIALIZED_AUTOS = YES_AGGRESSIVE;
				GCC_WARN_UNUSED_FUNCTION = YES;
				GCC_WARN_UNUSED_VARIABLE = YES;
				IPHONEOS_DEPLOYMENT_TARGET = 15.2;
				MTL_ENABLE_DEBUG_INFO = NO;
				MTL_FAST_MATH = YES;
				SDKROOT = iphoneos;
				SWIFT_COMPILATION_MODE = wholemodule;
				SWIFT_OPTIMIZATION_LEVEL = "-O";
				VALIDATE_PRODUCT = YES;
			};
			name = Release;
		};
		FC31A95E28DFABC8005C1644 /* Debug */ = {
			isa = XCBuildConfiguration;
			buildSettings = {
				ASSETCATALOG_COMPILER_APPICON_NAME = AppIcon;
				ASSETCATALOG_COMPILER_GLOBAL_ACCENT_COLOR_NAME = AccentColor;
				CODE_SIGN_STYLE = Automatic;
				CURRENT_PROJECT_VERSION = 1;
				DEVELOPMENT_TEAM = GF9T6UPWP3;
				GENERATE_INFOPLIST_FILE = YES;
				INFOPLIST_FILE = ToDoMVVM/Info.plist;
				INFOPLIST_KEY_UIApplicationSupportsIndirectInputEvents = YES;
				INFOPLIST_KEY_UILaunchStoryboardName = LaunchScreen;
				INFOPLIST_KEY_UIMainStoryboardFile = Main;
				INFOPLIST_KEY_UISupportedInterfaceOrientations_iPad = "UIInterfaceOrientationPortrait UIInterfaceOrientationPortraitUpsideDown UIInterfaceOrientationLandscapeLeft UIInterfaceOrientationLandscapeRight";
				INFOPLIST_KEY_UISupportedInterfaceOrientations_iPhone = "UIInterfaceOrientationPortrait UIInterfaceOrientationLandscapeLeft UIInterfaceOrientationLandscapeRight";
				LD_RUNPATH_SEARCH_PATHS = (
					"$(inherited)",
					"@executable_path/Frameworks",
				);
				MARKETING_VERSION = 1.0;
				PRODUCT_BUNDLE_IDENTIFIER = com.gkaratas.ToDoMVVM;
				PRODUCT_NAME = "$(TARGET_NAME)";
				SWIFT_EMIT_LOC_STRINGS = YES;
				SWIFT_VERSION = 5.0;
				TARGETED_DEVICE_FAMILY = "1,2";
			};
			name = Debug;
		};
		FC31A95F28DFABC8005C1644 /* Release */ = {
			isa = XCBuildConfiguration;
			buildSettings = {
				ASSETCATALOG_COMPILER_APPICON_NAME = AppIcon;
				ASSETCATALOG_COMPILER_GLOBAL_ACCENT_COLOR_NAME = AccentColor;
				CODE_SIGN_STYLE = Automatic;
				CURRENT_PROJECT_VERSION = 1;
				DEVELOPMENT_TEAM = GF9T6UPWP3;
				GENERATE_INFOPLIST_FILE = YES;
				INFOPLIST_FILE = ToDoMVVM/Info.plist;
				INFOPLIST_KEY_UIApplicationSupportsIndirectInputEvents = YES;
				INFOPLIST_KEY_UILaunchStoryboardName = LaunchScreen;
				INFOPLIST_KEY_UIMainStoryboardFile = Main;
				INFOPLIST_KEY_UISupportedInterfaceOrientations_iPad = "UIInterfaceOrientationPortrait UIInterfaceOrientationPortraitUpsideDown UIInterfaceOrientationLandscapeLeft UIInterfaceOrientationLandscapeRight";
				INFOPLIST_KEY_UISupportedInterfaceOrientations_iPhone = "UIInterfaceOrientationPortrait UIInterfaceOrientationLandscapeLeft UIInterfaceOrientationLandscapeRight";
				LD_RUNPATH_SEARCH_PATHS = (
					"$(inherited)",
					"@executable_path/Frameworks",
				);
				MARKETING_VERSION = 1.0;
				PRODUCT_BUNDLE_IDENTIFIER = com.gkaratas.ToDoMVVM;
				PRODUCT_NAME = "$(TARGET_NAME)";
				SWIFT_EMIT_LOC_STRINGS = YES;
				SWIFT_VERSION = 5.0;
				TARGETED_DEVICE_FAMILY = "1,2";
			};
			name = Release;
		};
/* End XCBuildConfiguration section */

/* Begin XCConfigurationList section */
		FC31A94128DFABC7005C1644 /* Build configuration list for PBXProject "ToDoMVVM" */ = {
			isa = XCConfigurationList;
			buildConfigurations = (
				FC31A95B28DFABC8005C1644 /* Debug */,
				FC31A95C28DFABC8005C1644 /* Release */,
			);
			defaultConfigurationIsVisible = 0;
			defaultConfigurationName = Release;
		};
		FC31A95D28DFABC8005C1644 /* Build configuration list for PBXNativeTarget "ToDoMVVM" */ = {
			isa = XCConfigurationList;
			buildConfigurations = (
				FC31A95E28DFABC8005C1644 /* Debug */,
				FC31A95F28DFABC8005C1644 /* Release */,
			);
			defaultConfigurationIsVisible = 0;
			defaultConfigurationName = Release;
		};
/* End XCConfigurationList section */

/* Begin XCVersionGroup section */
		FC31A95228DFABC7005C1644 /* ToDoMVVM.xcdatamodeld */ = {
			isa = XCVersionGroup;
			children = (
				FC31A95328DFABC7005C1644 /* ToDoMVVM.xcdatamodel */,
			);
			currentVersion = FC31A95328DFABC7005C1644 /* ToDoMVVM.xcdatamodel */;
			path = ToDoMVVM.xcdatamodeld;
			sourceTree = "<group>";
			versionGroupType = wrapper.xcdatamodel;
		};
/* End XCVersionGroup section */
	};
	rootObject = FC31A93E28DFABC7005C1644 /* Project object */;
}
